{
  "nodes": {
    "astronvim": {
      "flake": false,
      "locked": {
        "lastModified": 1696545727,
        "narHash": "sha256-r2N4363EC6M6NUjebaOro8uIAruVKNFMHU9e9XKEfU4=",
        "ref": "refs/heads/main",
        "rev": "6e9083dcafd1a9d702676a687f631072573e5618",
        "revCount": 1580,
        "submodules": true,
        "type": "git",
        "url": "https://github.com/AstroNvim/AstroNvim"
      },
      "original": {
        "submodules": true,
        "type": "git",
        "url": "https://github.com/AstroNvim/AstroNvim"
      }
    },
    "home-manager": {
      "inputs": {
        "nixpkgs": [
          "nixpkgs"
        ]
      },
      "locked": {
        "lastModified": 1695108154,
        "narHash": "sha256-gSg7UTVtls2yO9lKtP0yb66XBHT1Fx5qZSZbGMpSn2c=",
        "owner": "nix-community",
        "repo": "home-manager",
        "rev": "07682fff75d41f18327a871088d20af2710d4744",
        "type": "github"
      },
      "original": {
        "owner": "nix-community",
        "ref": "release-23.05",
        "repo": "home-manager",
        "type": "github"
      }
    },
    "nixpkgs": {
      "locked": {
        "lastModified": 1696524703,
        "narHash": "sha256-KqzFNzhq0GpT09h1w2r2h7NxYvxDnzU3qOWYbfbAqyw=",
        "owner": "NixOS",
        "repo": "nixpkgs",
        "rev": "ef8e9997fcb37d5c8372dc1349185bd0d31752a6",
        "type": "github"
      },
      "original": {
        "owner": "NixOS",
        "ref": "release-23.05",
        "repo": "nixpkgs",
        "type": "github"
      }
    },
    "nur": {
      "locked": {
        "lastModified": 1696566685,
        "narHash": "sha256-A4g2/SVkFNenwNrlub3FoA3zU4UiNjq/ekx2r5fMNp0=",
        "owner": "nix-community",
        "repo": "NUR",
        "rev": "0061d3950a41e8a84c266949edbdea1aeb7d30f2",
        "type": "github"
      },
      "original": {
        "owner": "nix-community",
        "repo": "NUR",
        "type": "github"
      }
    },
    "root": {
      "inputs": {
        "astronvim": "astronvim",
        "home-manager": "home-manager",
        "nixpkgs": "nixpkgs",
        "nur": "nur"
      }
    }
  },
  "root": "root",
  "version": 7
}
